// !$*UTF8*$!
{
	archiveVersion = 1;
	classes = {
	};
	objectVersion = 55;
	objects = {

/* Begin PBXBuildFile section */
		C33AE7EE274806BF005329FA /* naimanPracticeApp.swift in Sources */ = {isa = PBXBuildFile; fileRef = C33AE7ED274806BF005329FA /* naimanPracticeApp.swift */; };
		C33AE7F2274806C0005329FA /* Assets.xcassets in Resources */ = {isa = PBXBuildFile; fileRef = C33AE7F1274806C0005329FA /* Assets.xcassets */; };
		C33AE7F5274806C0005329FA /* Preview Assets.xcassets in Resources */ = {isa = PBXBuildFile; fileRef = C33AE7F4274806C0005329FA /* Preview Assets.xcassets */; };
		C33AE7FF274806C1005329FA /* naimanPracticeTests.swift in Sources */ = {isa = PBXBuildFile; fileRef = C33AE7FE274806C1005329FA /* naimanPracticeTests.swift */; };
		C33AE809274806C1005329FA /* naimanPracticeUITests.swift in Sources */ = {isa = PBXBuildFile; fileRef = C33AE808274806C1005329FA /* naimanPracticeUITests.swift */; };
		C33AE80B274806C1005329FA /* naimanPracticeUITestsLaunchTests.swift in Sources */ = {isa = PBXBuildFile; fileRef = C33AE80A274806C1005329FA /* naimanPracticeUITestsLaunchTests.swift */; };
		C33AE8252748095C005329FA /* ContentView.swift in Sources */ = {isa = PBXBuildFile; fileRef = C33AE82227480857005329FA /* ContentView.swift */; };
		C33AE82627480C25005329FA /* MapView.swift in Sources */ = {isa = PBXBuildFile; fileRef = C33AE81D27480857005329FA /* MapView.swift */; };
		C33AE82727480C3B005329FA /* CircleImage.swift in Sources */ = {isa = PBXBuildFile; fileRef = C33AE82127480857005329FA /* CircleImage.swift */; };
		C33AE82A274815F3005329FA /* Landmark.swift in Sources */ = {isa = PBXBuildFile; fileRef = C33AE829274815F3005329FA /* Landmark.swift */; };
		C33AE82C274818C9005329FA /* ModelData.swift in Sources */ = {isa = PBXBuildFile; fileRef = C33AE82B274818C9005329FA /* ModelData.swift */; };
		C33AE82F27481E5A005329FA /* landmarkData.json in Resources */ = {isa = PBXBuildFile; fileRef = C33AE82E27481E5A005329FA /* landmarkData.json */; };
/* End PBXBuildFile section */

/* Begin PBXContainerItemProxy section */
		C33AE7FB274806C1005329FA /* PBXContainerItemProxy */ = {
			isa = PBXContainerItemProxy;
			containerPortal = C33AE7E2274806BF005329FA /* Project object */;
			proxyType = 1;
			remoteGlobalIDString = C33AE7E9274806BF005329FA;
			remoteInfo = naimanPractice;
		};
		C33AE805274806C1005329FA /* PBXContainerItemProxy */ = {
			isa = PBXContainerItemProxy;
			containerPortal = C33AE7E2274806BF005329FA /* Project object */;
			proxyType = 1;
			remoteGlobalIDString = C33AE7E9274806BF005329FA;
			remoteInfo = naimanPractice;
		};
/* End PBXContainerItemProxy section */

/* Begin PBXFileReference section */
		C33AE7EA274806BF005329FA /* naimanPractice.app */ = {isa = PBXFileReference; explicitFileType = wrapper.application; includeInIndex = 0; path = naimanPractice.app; sourceTree = BUILT_PRODUCTS_DIR; };
		C33AE7ED274806BF005329FA /* naimanPracticeApp.swift */ = {isa = PBXFileReference; lastKnownFileType = sourcecode.swift; path = naimanPracticeApp.swift; sourceTree = "<group>"; };
		C33AE7F1274806C0005329FA /* Assets.xcassets */ = {isa = PBXFileReference; lastKnownFileType = folder.assetcatalog; path = Assets.xcassets; sourceTree = "<group>"; };
		C33AE7F4274806C0005329FA /* Preview Assets.xcassets */ = {isa = PBXFileReference; lastKnownFileType = folder.assetcatalog; path = "Preview Assets.xcassets"; sourceTree = "<group>"; };
		C33AE7FA274806C1005329FA /* naimanPracticeTests.xctest */ = {isa = PBXFileReference; explicitFileType = wrapper.cfbundle; includeInIndex = 0; path = naimanPracticeTests.xctest; sourceTree = BUILT_PRODUCTS_DIR; };
		C33AE7FE274806C1005329FA /* naimanPracticeTests.swift */ = {isa = PBXFileReference; lastKnownFileType = sourcecode.swift; path = naimanPracticeTests.swift; sourceTree = "<group>"; };
		C33AE804274806C1005329FA /* naimanPracticeUITests.xctest */ = {isa = PBXFileReference; explicitFileType = wrapper.cfbundle; includeInIndex = 0; path = naimanPracticeUITests.xctest; sourceTree = BUILT_PRODUCTS_DIR; };
		C33AE808274806C1005329FA /* naimanPracticeUITests.swift */ = {isa = PBXFileReference; lastKnownFileType = sourcecode.swift; path = naimanPracticeUITests.swift; sourceTree = "<group>"; };
		C33AE80A274806C1005329FA /* naimanPracticeUITestsLaunchTests.swift */ = {isa = PBXFileReference; lastKnownFileType = sourcecode.swift; path = naimanPracticeUITestsLaunchTests.swift; sourceTree = "<group>"; };
		C33AE81D27480857005329FA /* MapView.swift */ = {isa = PBXFileReference; lastKnownFileType = sourcecode.swift; path = MapView.swift; sourceTree = "<group>"; };
		C33AE82127480857005329FA /* CircleImage.swift */ = {isa = PBXFileReference; lastKnownFileType = sourcecode.swift; path = CircleImage.swift; sourceTree = "<group>"; };
		C33AE82227480857005329FA /* ContentView.swift */ = {isa = PBXFileReference; lastKnownFileType = sourcecode.swift; path = ContentView.swift; sourceTree = "<group>"; };
		C33AE829274815F3005329FA /* Landmark.swift */ = {isa = PBXFileReference; lastKnownFileType = sourcecode.swift; path = Landmark.swift; sourceTree = "<group>"; };
		C33AE82B274818C9005329FA /* ModelData.swift */ = {isa = PBXFileReference; lastKnownFileType = sourcecode.swift; path = ModelData.swift; sourceTree = "<group>"; };
		C33AE82E27481E5A005329FA /* landmarkData.json */ = {isa = PBXFileReference; fileEncoding = 4; lastKnownFileType = text.json; name = landmarkData.json; path = naimanPractice/BuildingListsAndNavigation/Resources/landmarkData.json; sourceTree = SOURCE_ROOT; };
/* End PBXFileReference section */

/* Begin PBXFrameworksBuildPhase section */
		C33AE7E7274806BF005329FA /* Frameworks */ = {
			isa = PBXFrameworksBuildPhase;
			buildActionMask = 2147483647;
			files = (
			);
			runOnlyForDeploymentPostprocessing = 0;
		};
		C33AE7F7274806C0005329FA /* Frameworks */ = {
			isa = PBXFrameworksBuildPhase;
			buildActionMask = 2147483647;
			files = (
			);
			runOnlyForDeploymentPostprocessing = 0;
		};
		C33AE801274806C1005329FA /* Frameworks */ = {
			isa = PBXFrameworksBuildPhase;
			buildActionMask = 2147483647;
			files = (
			);
			runOnlyForDeploymentPostprocessing = 0;
		};
/* End PBXFrameworksBuildPhase section */

/* Begin PBXGroup section */
		C33AE7E1274806BF005329FA = {
			isa = PBXGroup;
			children = (
				C33AE7EC274806BF005329FA /* naimanPractice */,
				C33AE7FD274806C1005329FA /* naimanPracticeTests */,
				C33AE807274806C1005329FA /* naimanPracticeUITests */,
				C33AE7EB274806BF005329FA /* Products */,
			);
			sourceTree = "<group>";
		};
		C33AE7EB274806BF005329FA /* Products */ = {
			isa = PBXGroup;
			children = (
				C33AE7EA274806BF005329FA /* naimanPractice.app */,
				C33AE7FA274806C1005329FA /* naimanPracticeTests.xctest */,
				C33AE804274806C1005329FA /* naimanPracticeUITests.xctest */,
			);
			name = Products;
			sourceTree = "<group>";
		};
		C33AE7EC274806BF005329FA /* naimanPractice */ = {
			isa = PBXGroup;
			children = (
				C33AE81B27480857005329FA /* Views */,
				C33AE828274812E9005329FA /* Model */,
				C33AE82D27481E22005329FA /* Resources */,
				C33AE7ED274806BF005329FA /* naimanPracticeApp.swift */,
				C33AE7F1274806C0005329FA /* Assets.xcassets */,
				C33AE7F3274806C0005329FA /* Preview Content */,
			);
			path = naimanPractice;
			sourceTree = "<group>";
		};
		C33AE7F3274806C0005329FA /* Preview Content */ = {
			isa = PBXGroup;
			children = (
				C33AE7F4274806C0005329FA /* Preview Assets.xcassets */,
			);
			path = "Preview Content";
			sourceTree = "<group>";
		};
		C33AE7FD274806C1005329FA /* naimanPracticeTests */ = {
			isa = PBXGroup;
			children = (
				C33AE7FE274806C1005329FA /* naimanPracticeTests.swift */,
			);
			path = naimanPracticeTests;
			sourceTree = "<group>";
		};
		C33AE807274806C1005329FA /* naimanPracticeUITests */ = {
			isa = PBXGroup;
			children = (
				C33AE808274806C1005329FA /* naimanPracticeUITests.swift */,
				C33AE80A274806C1005329FA /* naimanPracticeUITestsLaunchTests.swift */,
			);
			path = naimanPracticeUITests;
			sourceTree = "<group>";
		};
		C33AE81B27480857005329FA /* Views */ = {
			isa = PBXGroup;
			children = (
				C33AE82127480857005329FA /* CircleImage.swift */,
				C33AE82227480857005329FA /* ContentView.swift */,
				C33AE81D27480857005329FA /* MapView.swift */,
			);
			path = Views;
			sourceTree = "<group>";
		};
		C33AE828274812E9005329FA /* Model */ = {
			isa = PBXGroup;
			children = (
				C33AE829274815F3005329FA /* Landmark.swift */,
				C33AE82B274818C9005329FA /* ModelData.swift */,
			);
			path = Model;
			sourceTree = "<group>";
		};
		C33AE82D27481E22005329FA /* Resources */ = {
			isa = PBXGroup;
			children = (
				C33AE82E27481E5A005329FA /* landmarkData.json */,
			);
			path = Resources;
			sourceTree = "<group>";
		};
/* End PBXGroup section */

/* Begin PBXNativeTarget section */
		C33AE7E9274806BF005329FA /* naimanPractice */ = {
			isa = PBXNativeTarget;
			buildConfigurationList = C33AE80E274806C1005329FA /* Build configuration list for PBXNativeTarget "naimanPractice" */;
			buildPhases = (
				C33AE7E6274806BF005329FA /* Sources */,
				C33AE7E7274806BF005329FA /* Frameworks */,
				C33AE7E8274806BF005329FA /* Resources */,
			);
			buildRules = (
			);
			dependencies = (
			);
			name = naimanPractice;
			productName = naimanPractice;
			productReference = C33AE7EA274806BF005329FA /* naimanPractice.app */;
			productType = "com.apple.product-type.application";
		};
		C33AE7F9274806C0005329FA /* naimanPracticeTests */ = {
			isa = PBXNativeTarget;
			buildConfigurationList = C33AE811274806C1005329FA /* Build configuration list for PBXNativeTarget "naimanPracticeTests" */;
			buildPhases = (
				C33AE7F6274806C0005329FA /* Sources */,
				C33AE7F7274806C0005329FA /* Frameworks */,
				C33AE7F8274806C0005329FA /* Resources */,
			);
			buildRules = (
			);
			dependencies = (
				C33AE7FC274806C1005329FA /* PBXTargetDependency */,
			);
			name = naimanPracticeTests;
			productName = naimanPracticeTests;
			productReference = C33AE7FA274806C1005329FA /* naimanPracticeTests.xctest */;
			productType = "com.apple.product-type.bundle.unit-test";
		};
		C33AE803274806C1005329FA /* naimanPracticeUITests */ = {
			isa = PBXNativeTarget;
			buildConfigurationList = C33AE814274806C1005329FA /* Build configuration list for PBXNativeTarget "naimanPracticeUITests" */;
			buildPhases = (
				C33AE800274806C1005329FA /* Sources */,
				C33AE801274806C1005329FA /* Frameworks */,
				C33AE802274806C1005329FA /* Resources */,
			);
			buildRules = (
			);
			dependencies = (
				C33AE806274806C1005329FA /* PBXTargetDependency */,
			);
			name = naimanPracticeUITests;
			productName = naimanPracticeUITests;
			productReference = C33AE804274806C1005329FA /* naimanPracticeUITests.xctest */;
			productType = "com.apple.product-type.bundle.ui-testing";
		};
/* End PBXNativeTarget section */

/* Begin PBXProject section */
		C33AE7E2274806BF005329FA /* Project object */ = {
			isa = PBXProject;
			attributes = {
				BuildIndependentTargetsInParallel = 1;
				LastSwiftUpdateCheck = 1310;
				LastUpgradeCheck = 1310;
				TargetAttributes = {
					C33AE7E9274806BF005329FA = {
						CreatedOnToolsVersion = 13.1;
					};
					C33AE7F9274806C0005329FA = {
						CreatedOnToolsVersion = 13.1;
						TestTargetID = C33AE7E9274806BF005329FA;
					};
					C33AE803274806C1005329FA = {
						CreatedOnToolsVersion = 13.1;
						TestTargetID = C33AE7E9274806BF005329FA;
					};
				};
			};
			buildConfigurationList = C33AE7E5274806BF005329FA /* Build configuration list for PBXProject "naimanPractice" */;
			compatibilityVersion = "Xcode 13.0";
			developmentRegion = en;
			hasScannedForEncodings = 0;
			knownRegions = (
				en,
				Base,
			);
			mainGroup = C33AE7E1274806BF005329FA;
			productRefGroup = C33AE7EB274806BF005329FA /* Products */;
			projectDirPath = "";
			projectRoot = "";
			targets = (
				C33AE7E9274806BF005329FA /* naimanPractice */,
				C33AE7F9274806C0005329FA /* naimanPracticeTests */,
				C33AE803274806C1005329FA /* naimanPracticeUITests */,
			);
		};
/* End PBXProject section */

/* Begin PBXResourcesBuildPhase section */
		C33AE7E8274806BF005329FA /* Resources */ = {
			isa = PBXResourcesBuildPhase;
			buildActionMask = 2147483647;
			files = (
				C33AE7F5274806C0005329FA /* Preview Assets.xcassets in Resources */,
				C33AE7F2274806C0005329FA /* Assets.xcassets in Resources */,
				C33AE82F27481E5A005329FA /* landmarkData.json in Resources */,
			);
			runOnlyForDeploymentPostprocessing = 0;
		};
		C33AE7F8274806C0005329FA /* Resources */ = {
			isa = PBXResourcesBuildPhase;
			buildActionMask = 2147483647;
			files = (
			);
			runOnlyForDeploymentPostprocessing = 0;
		};
		C33AE802274806C1005329FA /* Resources */ = {
			isa = PBXResourcesBuildPhase;
			buildActionMask = 2147483647;
			files = (
			);
			runOnlyForDeploymentPostprocessing = 0;
		};
/* End PBXResourcesBuildPhase section */

/* Begin PBXSourcesBuildPhase section */
		C33AE7E6274806BF005329FA /* Sources */ = {
			isa = PBXSourcesBuildPhase;
			buildActionMask = 2147483647;
			files = (
				C33AE7EE274806BF005329FA /* naimanPracticeApp.swift in Sources */,
				C33AE82727480C3B005329FA /* CircleImage.swift in Sources */,
				C33AE82627480C25005329FA /* MapView.swift in Sources */,
				C33AE8252748095C005329FA /* ContentView.swift in Sources */,
				C33AE82A274815F3005329FA /* Landmark.swift in Sources */,
				C33AE82C274818C9005329FA /* ModelData.swift in Sources */,
			);
			runOnlyForDeploymentPostprocessing = 0;
		};
		C33AE7F6274806C0005329FA /* Sources */ = {
			isa = PBXSourcesBuildPhase;
			buildActionMask = 2147483647;
			files = (
				C33AE7FF274806C1005329FA /* naimanPracticeTests.swift in Sources */,
			);
			runOnlyForDeploymentPostprocessing = 0;
		};
		C33AE800274806C1005329FA /* Sources */ = {
			isa = PBXSourcesBuildPhase;
			buildActionMask = 2147483647;
			files = (
				C33AE809274806C1005329FA /* naimanPracticeUITests.swift in Sources */,
				C33AE80B274806C1005329FA /* naimanPracticeUITestsLaunchTests.swift in Sources */,
			);
			runOnlyForDeploymentPostprocessing = 0;
		};
/* End PBXSourcesBuildPhase section */

/* Begin PBXTargetDependency section */
		C33AE7FC274806C1005329FA /* PBXTargetDependency */ = {
			isa = PBXTargetDependency;
			target = C33AE7E9274806BF005329FA /* naimanPractice */;
			targetProxy = C33AE7FB274806C1005329FA /* PBXContainerItemProxy */;
		};
		C33AE806274806C1005329FA /* PBXTargetDependency */ = {
			isa = PBXTargetDependency;
			target = C33AE7E9274806BF005329FA /* naimanPractice */;
			targetProxy = C33AE805274806C1005329FA /* PBXContainerItemProxy */;
		};
/* End PBXTargetDependency section */

/* Begin XCBuildConfiguration section */
		C33AE80C274806C1005329FA /* Debug */ = {
			isa = XCBuildConfiguration;
			buildSettings = {
				ALWAYS_SEARCH_USER_PATHS = NO;
				CLANG_ANALYZER_NONNULL = YES;
				CLANG_ANALYZER_NUMBER_OBJECT_CONVERSION = YES_AGGRESSIVE;
				CLANG_CXX_LANGUAGE_STANDARD = "gnu++17";
				CLANG_CXX_LIBRARY = "libc++";
				CLANG_ENABLE_MODULES = YES;
				CLANG_ENABLE_OBJC_ARC = YES;
				CLANG_ENABLE_OBJC_WEAK = YES;
				CLANG_WARN_BLOCK_CAPTURE_AUTORELEASING = YES;
				CLANG_WARN_BOOL_CONVERSION = YES;
				CLANG_WARN_COMMA = YES;
				CLANG_WARN_CONSTANT_CONVERSION = YES;
				CLANG_WARN_DEPRECATED_OBJC_IMPLEMENTATIONS = YES;
				CLANG_WARN_DIRECT_OBJC_ISA_USAGE = YES_ERROR;
				CLANG_WARN_DOCUMENTATION_COMMENTS = YES;
				CLANG_WARN_EMPTY_BODY = YES;
				CLANG_WARN_ENUM_CONVERSION = YES;
				CLANG_WARN_INFINITE_RECURSION = YES;
				CLANG_WARN_INT_CONVERSION = YES;
				CLANG_WARN_NON_LITERAL_NULL_CONVERSION = YES;
				CLANG_WARN_OBJC_IMPLICIT_RETAIN_SELF = YES;
				CLANG_WARN_OBJC_LITERAL_CONVERSION = YES;
				CLANG_WARN_OBJC_ROOT_CLASS = YES_ERROR;
				CLANG_WARN_QUOTED_INCLUDE_IN_FRAMEWORK_HEADER = YES;
				CLANG_WARN_RANGE_LOOP_ANALYSIS = YES;
				CLANG_WARN_STRICT_PROTOTYPES = YES;
				CLANG_WARN_SUSPICIOUS_MOVE = YES;
				CLANG_WARN_UNGUARDED_AVAILABILITY = YES_AGGRESSIVE;
				CLANG_WARN_UNREACHABLE_CODE = YES;
				CLANG_WARN__DUPLICATE_METHOD_MATCH = YES;
				COPY_PHASE_STRIP = NO;
				DEBUG_INFORMATION_FORMAT = dwarf;
				ENABLE_STRICT_OBJC_MSGSEND = YES;
				ENABLE_TESTABILITY = YES;
				GCC_C_LANGUAGE_STANDARD = gnu11;
				GCC_DYNAMIC_NO_PIC = NO;
				GCC_NO_COMMON_BLOCKS = YES;
				GCC_OPTIMIZATION_LEVEL = 0;
				GCC_PREPROCESSOR_DEFINITIONS = (
					"DEBUG=1",
					"$(inherited)",
				);
				GCC_WARN_64_TO_32_BIT_CONVERSION = YES;
				GCC_WARN_ABOUT_RETURN_TYPE = YES_ERROR;
				GCC_WARN_UNDECLARED_SELECTOR = YES;
				GCC_WARN_UNINITIALIZED_AUTOS = YES_AGGRESSIVE;
				GCC_WARN_UNUSED_FUNCTION = YES;
				GCC_WARN_UNUSED_VARIABLE = YES;
				IPHONEOS_DEPLOYMENT_TARGET = 15.0;
				MTL_ENABLE_DEBUG_INFO = INCLUDE_SOURCE;
				MTL_FAST_MATH = YES;
				ONLY_ACTIVE_ARCH = YES;
				SDKROOT = iphoneos;
				SWIFT_ACTIVE_COMPILATION_CONDITIONS = DEBUG;
				SWIFT_OPTIMIZATION_LEVEL = "-Onone";
			};
			name = Debug;
		};
		C33AE80D274806C1005329FA /* Release */ = {
			isa = XCBuildConfiguration;
			buildSettings = {
				ALWAYS_SEARCH_USER_PATHS = NO;
				CLANG_ANALYZER_NONNULL = YES;
				CLANG_ANALYZER_NUMBER_OBJECT_CONVERSION = YES_AGGRESSIVE;
				CLANG_CXX_LANGUAGE_STANDARD = "gnu++17";
				CLANG_CXX_LIBRARY = "libc++";
				CLANG_ENABLE_MODULES = YES;
				CLANG_ENABLE_OBJC_ARC = YES;
				CLANG_ENABLE_OBJC_WEAK = YES;
				CLANG_WARN_BLOCK_CAPTURE_AUTORELEASING = YES;
				CLANG_WARN_BOOL_CONVERSION = YES;
				CLANG_WARN_COMMA = YES;
				CLANG_WARN_CONSTANT_CONVERSION = YES;
				CLANG_WARN_DEPRECATED_OBJC_IMPLEMENTATIONS = YES;
				CLANG_WARN_DIRECT_OBJC_ISA_USAGE = YES_ERROR;
				CLANG_WARN_DOCUMENTATION_COMMENTS = YES;
				CLANG_WARN_EMPTY_BODY = YES;
				CLANG_WARN_ENUM_CONVERSION = YES;
				CLANG_WARN_INFINITE_RECURSION = YES;
				CLANG_WARN_INT_CONVERSION = YES;
				CLANG_WARN_NON_LITERAL_NULL_CONVERSION = YES;
				CLANG_WARN_OBJC_IMPLICIT_RETAIN_SELF = YES;
				CLANG_WARN_OBJC_LITERAL_CONVERSION = YES;
				CLANG_WARN_OBJC_ROOT_CLASS = YES_ERROR;
				CLANG_WARN_QUOTED_INCLUDE_IN_FRAMEWORK_HEADER = YES;
				CLANG_WARN_RANGE_LOOP_ANALYSIS = YES;
				CLANG_WARN_STRICT_PROTOTYPES = YES;
				CLANG_WARN_SUSPICIOUS_MOVE = YES;
				CLANG_WARN_UNGUARDED_AVAILABILITY = YES_AGGRESSIVE;
				CLANG_WARN_UNREACHABLE_CODE = YES;
				CLANG_WARN__DUPLICATE_METHOD_MATCH = YES;
				COPY_PHASE_STRIP = NO;
				DEBUG_INFORMATION_FORMAT = "dwarf-with-dsym";
				ENABLE_NS_ASSERTIONS = NO;
				ENABLE_STRICT_OBJC_MSGSEND = YES;
				GCC_C_LANGUAGE_STANDARD = gnu11;
				GCC_NO_COMMON_BLOCKS = YES;
				GCC_WARN_64_TO_32_BIT_CONVERSION = YES;
				GCC_WARN_ABOUT_RETURN_TYPE = YES_ERROR;
				GCC_WARN_UNDECLARED_SELECTOR = YES;
				GCC_WARN_UNINITIALIZED_AUTOS = YES_AGGRESSIVE;
				GCC_WARN_UNUSED_FUNCTION = YES;
				GCC_WARN_UNUSED_VARIABLE = YES;
				IPHONEOS_DEPLOYMENT_TARGET = 15.0;
				MTL_ENABLE_DEBUG_INFO = NO;
				MTL_FAST_MATH = YES;
				SDKROOT = iphoneos;
				SWIFT_COMPILATION_MODE = wholemodule;
				SWIFT_OPTIMIZATION_LEVEL = "-O";
				VALIDATE_PRODUCT = YES;
			};
			name = Release;
		};
		C33AE80F274806C1005329FA /* Debug */ = {
			isa = XCBuildConfiguration;
			buildSettings = {
				ASSETCATALOG_COMPILER_APPICON_NAME = AppIcon;
				ASSETCATALOG_COMPILER_GLOBAL_ACCENT_COLOR_NAME = AccentColor;
				CODE_SIGN_STYLE = Automatic;
				CURRENT_PROJECT_VERSION = 1;
				DEVELOPMENT_ASSET_PATHS = "\"naimanPractice/Preview Content\"";
				DEVELOPMENT_TEAM = 227NRZ2KJU;
				ENABLE_PREVIEWS = YES;
				GENERATE_INFOPLIST_FILE = YES;
				INFOPLIST_KEY_UIApplicationSceneManifest_Generation = YES;
				INFOPLIST_KEY_UIApplicationSupportsIndirectInputEvents = YES;
				INFOPLIST_KEY_UILaunchScreen_Generation = YES;
				INFOPLIST_KEY_UISupportedInterfaceOrientations_iPad = "UIInterfaceOrientationPortrait UIInterfaceOrientationPortraitUpsideDown UIInterfaceOrientationLandscapeLeft UIInterfaceOrientationLandscapeRight";
				INFOPLIST_KEY_UISupportedInterfaceOrientations_iPhone = "UIInterfaceOrientationPortrait UIInterfaceOrientationLandscapeLeft UIInterfaceOrientationLandscapeRight";
				LD_RUNPATH_SEARCH_PATHS = (
					"$(inherited)",
					"@executable_path/Frameworks",
				);
				MARKETING_VERSION = 1.0;
				PRODUCT_BUNDLE_IDENTIFIER = vlm.naimanPractice;
				PRODUCT_NAME = "$(TARGET_NAME)";
				SWIFT_EMIT_LOC_STRINGS = YES;
				SWIFT_VERSION = 5.0;
				TARGETED_DEVICE_FAMILY = "1,2";
			};
			name = Debug;
		};
		C33AE810274806C1005329FA /* Release */ = {
			isa = XCBuildConfiguration;
			buildSettings = {
				ASSETCATALOG_COMPILER_APPICON_NAME = AppIcon;
				ASSETCATALOG_COMPILER_GLOBAL_ACCENT_COLOR_NAME = AccentColor;
				CODE_SIGN_STYLE = Automatic;
				CURRENT_PROJECT_VERSION = 1;
				DEVELOPMENT_ASSET_PATHS = "\"naimanPractice/Preview Content\"";
				DEVELOPMENT_TEAM = 227NRZ2KJU;
				ENABLE_PREVIEWS = YES;
				GENERATE_INFOPLIST_FILE = YES;
				INFOPLIST_KEY_UIApplicationSceneManifest_Generation = YES;
				INFOPLIST_KEY_UIApplicationSupportsIndirectInputEvents = YES;
				INFOPLIST_KEY_UILaunchScreen_Generation = YES;
				INFOPLIST_KEY_UISupportedInterfaceOrientations_iPad = "UIInterfaceOrientationPortrait UIInterfaceOrientationPortraitUpsideDown UIInterfaceOrientationLandscapeLeft UIInterfaceOrientationLandscapeRight";
				INFOPLIST_KEY_UISupportedInterfaceOrientations_iPhone = "UIInterfaceOrientationPortrait UIInterfaceOrientationLandscapeLeft UIInterfaceOrientationLandscapeRight";
				LD_RUNPATH_SEARCH_PATHS = (
					"$(inherited)",
					"@executable_path/Frameworks",
				);
				MARKETING_VERSION = 1.0;
				PRODUCT_BUNDLE_IDENTIFIER = vlm.naimanPractice;
				PRODUCT_NAME = "$(TARGET_NAME)";
				SWIFT_EMIT_LOC_STRINGS = YES;
				SWIFT_VERSION = 5.0;
				TARGETED_DEVICE_FAMILY = "1,2";
			};
			name = Release;
		};
		C33AE812274806C1005329FA /* Debug */ = {
			isa = XCBuildConfiguration;
			buildSettings = {
				ALWAYS_EMBED_SWIFT_STANDARD_LIBRARIES = YES;
				BUNDLE_LOADER = "$(TEST_HOST)";
				CODE_SIGN_STYLE = Automatic;
				CURRENT_PROJECT_VERSION = 1;
				DEVELOPMENT_TEAM = 227NRZ2KJU;
				GENERATE_INFOPLIST_FILE = YES;
				IPHONEOS_DEPLOYMENT_TARGET = 15.0;
				LD_RUNPATH_SEARCH_PATHS = (
					"$(inherited)",
					"@executable_path/Frameworks",
					"@loader_path/Frameworks",
				);
				MARKETING_VERSION = 1.0;
				PRODUCT_BUNDLE_IDENTIFIER = vlm.naimanPracticeTests;
				PRODUCT_NAME = "$(TARGET_NAME)";
				SWIFT_EMIT_LOC_STRINGS = NO;
				SWIFT_VERSION = 5.0;
				TARGETED_DEVICE_FAMILY = "1,2";
				TEST_HOST = "$(BUILT_PRODUCTS_DIR)/naimanPractice.app/naimanPractice";
			};
			name = Debug;
		};
		C33AE813274806C1005329FA /* Release */ = {
			isa = XCBuildConfiguration;
			buildSettings = {
				ALWAYS_EMBED_SWIFT_STANDARD_LIBRARIES = YES;
				BUNDLE_LOADER = "$(TEST_HOST)";
				CODE_SIGN_STYLE = Automatic;
				CURRENT_PROJECT_VERSION = 1;
				DEVELOPMENT_TEAM = 227NRZ2KJU;
				GENERATE_INFOPLIST_FILE = YES;
				IPHONEOS_DEPLOYMENT_TARGET = 15.0;
				LD_RUNPATH_SEARCH_PATHS = (
					"$(inherited)",
					"@executable_path/Frameworks",
					"@loader_path/Frameworks",
				);
				MARKETING_VERSION = 1.0;
				PRODUCT_BUNDLE_IDENTIFIER = vlm.naimanPracticeTests;
				PRODUCT_NAME = "$(TARGET_NAME)";
				SWIFT_EMIT_LOC_STRINGS = NO;
				SWIFT_VERSION = 5.0;
				TARGETED_DEVICE_FAMILY = "1,2";
				TEST_HOST = "$(BUILT_PRODUCTS_DIR)/naimanPractice.app/naimanPractice";
			};
			name = Release;
		};
		C33AE815274806C1005329FA /* Debug */ = {
			isa = XCBuildConfiguration;
			buildSettings = {
				ALWAYS_EMBED_SWIFT_STANDARD_LIBRARIES = YES;
				CODE_SIGN_STYLE = Automatic;
				CURRENT_PROJECT_VERSION = 1;
				DEVELOPMENT_TEAM = 227NRZ2KJU;
				GENERATE_INFOPLIST_FILE = YES;
				LD_RUNPATH_SEARCH_PATHS = (
					"$(inherited)",
					"@executable_path/Frameworks",
					"@loader_path/Frameworks",
				);
				MARKETING_VERSION = 1.0;
				PRODUCT_BUNDLE_IDENTIFIER = vlm.naimanPracticeUITests;
				PRODUCT_NAME = "$(TARGET_NAME)";
				SWIFT_EMIT_LOC_STRINGS = NO;
				SWIFT_VERSION = 5.0;
				TARGETED_DEVICE_FAMILY = "1,2";
				TEST_TARGET_NAME = naimanPractice;
			};
			name = Debug;
		};
		C33AE816274806C1005329FA /* Release */ = {
			isa = XCBuildConfiguration;
			buildSettings = {
				ALWAYS_EMBED_SWIFT_STANDARD_LIBRARIES = YES;
				CODE_SIGN_STYLE = Automatic;
				CURRENT_PROJECT_VERSION = 1;
				DEVELOPMENT_TEAM = 227NRZ2KJU;
				GENERATE_INFOPLIST_FILE = YES;
				LD_RUNPATH_SEARCH_PATHS = (
					"$(inherited)",
					"@executable_path/Frameworks",
					"@loader_path/Frameworks",
				);
				MARKETING_VERSION = 1.0;
				PRODUCT_BUNDLE_IDENTIFIER = vlm.naimanPracticeUITests;
				PRODUCT_NAME = "$(TARGET_NAME)";
				SWIFT_EMIT_LOC_STRINGS = NO;
				SWIFT_VERSION = 5.0;
				TARGETED_DEVICE_FAMILY = "1,2";
				TEST_TARGET_NAME = naimanPractice;
			};
			name = Release;
		};
/* End XCBuildConfiguration section */

/* Begin XCConfigurationList section */
		C33AE7E5274806BF005329FA /* Build configuration list for PBXProject "naimanPractice" */ = {
			isa = XCConfigurationList;
			buildConfigurations = (
				C33AE80C274806C1005329FA /* Debug */,
				C33AE80D274806C1005329FA /* Release */,
			);
			defaultConfigurationIsVisible = 0;
			defaultConfigurationName = Release;
		};
		C33AE80E274806C1005329FA /* Build configuration list for PBXNativeTarget "naimanPractice" */ = {
			isa = XCConfigurationList;
			buildConfigurations = (
				C33AE80F274806C1005329FA /* Debug */,
				C33AE810274806C1005329FA /* Release */,
			);
			defaultConfigurationIsVisible = 0;
			defaultConfigurationName = Release;
		};
		C33AE811274806C1005329FA /* Build configuration list for PBXNativeTarget "naimanPracticeTests" */ = {
			isa = XCConfigurationList;
			buildConfigurations = (
				C33AE812274806C1005329FA /* Debug */,
				C33AE813274806C1005329FA /* Release */,
			);
			defaultConfigurationIsVisible = 0;
			defaultConfigurationName = Release;
		};
		C33AE814274806C1005329FA /* Build configuration list for PBXNativeTarget "naimanPracticeUITests" */ = {
			isa = XCConfigurationList;
			buildConfigurations = (
				C33AE815274806C1005329FA /* Debug */,
				C33AE816274806C1005329FA /* Release */,
			);
			defaultConfigurationIsVisible = 0;
			defaultConfigurationName = Release;
		};
/* End XCConfigurationList section */
	};
	rootObject = C33AE7E2274806BF005329FA /* Project object */;
}
